
Microsoft Visual Studio Solution File, Format Version 12.00
# Visual Studio Version 16
VisualStudioVersion = 16.6.30114.105
MinimumVisualStudioVersion = 10.0.40219.1
Project("{FAE04EC0-301F-11D3-BF4B-00C04F79EFBC}") = "API", "API\API.csproj", "{703F8C9B-DB4F-4953-98FF-909EAEA0EBDC}"
EndProject
Project("{FAE04EC0-301F-11D3-BF4B-00C04F79EFBC}") = "Core", "Core\Core.csproj", "{B9714122-01B8-4F2F-88F3-80B361D482ED}"
EndProject
Project("{FAE04EC0-301F-11D3-BF4B-00C04F79EFBC}") = "Infrastructure", "Infrastructure\Infrastructure.csproj", "{FDA62CBA-8C02-4C4D-9236-4A8643479CEB}"
EndProject
Global
	GlobalSection(SolutionConfigurationPlatforms) = preSolution
		Debug|Any CPU = Debug|Any CPU
		Debug|x64 = Debug|x64
		Debug|x86 = Debug|x86
		Release|Any CPU = Release|Any CPU
		Release|x64 = Release|x64
		Release|x86 = Release|x86
	EndGlobalSection
	GlobalSection(SolutionProperties) = preSolution
		HideSolutionNode = FALSE
	EndGlobalSection
	GlobalSection(ProjectConfigurationPlatforms) = postSolution
		{703F8C9B-DB4F-4953-98FF-909EAEA0EBDC}.Debug|Any CPU.ActiveCfg = Debug|Any CPU
		{703F8C9B-DB4F-4953-98FF-909EAEA0EBDC}.Debug|Any CPU.Build.0 = Debug|Any CPU
		{703F8C9B-DB4F-4953-98FF-909EAEA0EBDC}.Debug|x64.ActiveCfg = Debug|Any CPU
		{703F8C9B-DB4F-4953-98FF-909EAEA0EBDC}.Debug|x64.Build.0 = Debug|Any CPU
		{703F8C9B-DB4F-4953-98FF-909EAEA0EBDC}.Debug|x86.ActiveCfg = Debug|Any CPU
		{703F8C9B-DB4F-4953-98FF-909EAEA0EBDC}.Debug|x86.Build.0 = Debug|Any CPU
		{703F8C9B-DB4F-4953-98FF-909EAEA0EBDC}.Release|Any CPU.ActiveCfg = Release|Any CPU
		{703F8C9B-DB4F-4953-98FF-909EAEA0EBDC}.Release|Any CPU.Build.0 = Release|Any CPU
		{703F8C9B-DB4F-4953-98FF-909EAEA0EBDC}.Release|x64.ActiveCfg = Release|Any CPU
		{703F8C9B-DB4F-4953-98FF-909EAEA0EBDC}.Release|x64.Build.0 = Release|Any CPU
		{703F8C9B-DB4F-4953-98FF-909EAEA0EBDC}.Release|x86.ActiveCfg = Release|Any CPU
		{703F8C9B-DB4F-4953-98FF-909EAEA0EBDC}.Release|x86.Build.0 = Release|Any CPU
		{B9714122-01B8-4F2F-88F3-80B361D482ED}.Debug|Any CPU.ActiveCfg = Debug|Any CPU
		{B9714122-01B8-4F2F-88F3-80B361D482ED}.Debug|Any CPU.Build.0 = Debug|Any CPU
		{B9714122-01B8-4F2F-88F3-80B361D482ED}.Debug|x64.ActiveCfg = Debug|Any CPU
		{B9714122-01B8-4F2F-88F3-80B361D482ED}.Debug|x64.Build.0 = Debug|Any CPU
		{B9714122-01B8-4F2F-88F3-80B361D482ED}.Debug|x86.ActiveCfg = Debug|Any CPU
		{B9714122-01B8-4F2F-88F3-80B361D482ED}.Debug|x86.Build.0 = Debug|Any CPU
		{B9714122-01B8-4F2F-88F3-80B361D482ED}.Release|Any CPU.ActiveCfg = Release|Any CPU
		{B9714122-01B8-4F2F-88F3-80B361D482ED}.Release|Any CPU.Build.0 = Release|Any CPU
		{B9714122-01B8-4F2F-88F3-80B361D482ED}.Release|x64.ActiveCfg = Release|Any CPU
		{B9714122-01B8-4F2F-88F3-80B361D482ED}.Release|x64.Build.0 = Release|Any CPU
		{B9714122-01B8-4F2F-88F3-80B361D482ED}.Release|x86.ActiveCfg = Release|Any CPU
		{B9714122-01B8-4F2F-88F3-80B361D482ED}.Release|x86.Build.0 = Release|Any CPU
		{FDA62CBA-8C02-4C4D-9236-4A8643479CEB}.Debug|Any CPU.ActiveCfg = Debug|Any CPU
		{FDA62CBA-8C02-4C4D-9236-4A8643479CEB}.Debug|Any CPU.Build.0 = Debug|Any CPU
		{FDA62CBA-8C02-4C4D-9236-4A8643479CEB}.Debug|x64.ActiveCfg = Debug|Any CPU
		{FDA62CBA-8C02-4C4D-9236-4A8643479CEB}.Debug|x64.Build.0 = Debug|Any CPU
		{FDA62CBA-8C02-4C4D-9236-4A8643479CEB}.Debug|x86.ActiveCfg = Debug|Any CPU
		{FDA62CBA-8C02-4C4D-9236-4A8643479CEB}.Debug|x86.Build.0 = Debug|Any CPU
		{FDA62CBA-8C02-4C4D-9236-4A8643479CEB}.Release|Any CPU.ActiveCfg = Release|Any CPU
		{FDA62CBA-8C02-4C4D-9236-4A8643479CEB}.Release|Any CPU.Build.0 = Release|Any CPU
		{FDA62CBA-8C02-4C4D-9236-4A8643479CEB}.Release|x64.ActiveCfg = Release|Any CPU
		{FDA62CBA-8C02-4C4D-9236-4A8643479CEB}.Release|x64.Build.0 = Release|Any CPU
		{FDA62CBA-8C02-4C4D-9236-4A8643479CEB}.Release|x86.ActiveCfg = Release|Any CPU
		{FDA62CBA-8C02-4C4D-9236-4A8643479CEB}.Release|x86.Build.0 = Release|Any CPU
	EndGlobalSection
EndGlobal
